
Microsoft Visual Studio Solution File, Format Version 12.00
# Visual Studio Version 16
VisualStudioVersion = 16.0.31129.286
MinimumVisualStudioVersion = 16.0.31129.286
Project("{9A19103F-16F7-4668-BE54-9A1E7A4F7556}") = "BardMusicPlayer", "BardMusicPlayer\BardMusicPlayer.csproj", "{4C1D8677-0FB3-409E-8643-1C48D53AF599}"
EndProject
Project("{9A19103F-16F7-4668-BE54-9A1E7A4F7556}") = "BardMusicPlayer.Ui", "BardMusicPlayer.Ui\BardMusicPlayer.Ui.csproj", "{8478E949-6BA0-4B2E-B5B6-61F58B09266B}"
EndProject
Project("{9A19103F-16F7-4668-BE54-9A1E7A4F7556}") = "BardMusicPlayer.Seer", "BardMusicPlayer.Seer\BardMusicPlayer.Seer.csproj", "{29AB7F29-E768-47FD-98EF-2ADBD1EB3DD0}"
EndProject
Project("{9A19103F-16F7-4668-BE54-9A1E7A4F7556}") = "BardMusicPlayer.Common", "BardMusicPlayer.Common\BardMusicPlayer.Common.csproj", "{0C2DE663-2D6C-4C56-96C1-23F04FA414D0}"
EndProject
Project("{9A19103F-16F7-4668-BE54-9A1E7A4F7556}") = "BardMusicPlayer.Notate", "BardMusicPlayer.Notate\BardMusicPlayer.Notate.csproj", "{EAFE6853-0C24-4784-93FE-E21AA35AF600}"
EndProject
Project("{9A19103F-16F7-4668-BE54-9A1E7A4F7556}") = "BardMusicPlayer.Doot", "BardMusicPlayer.Doot\BardMusicPlayer.Doot.csproj", "{A0B0F815-2BE5-4035-982A-52336B9758AE}"
EndProject
Project("{9A19103F-16F7-4668-BE54-9A1E7A4F7556}") = "BardMusicPlayer.Synth", "BardMusicPlayer.Synth\BardMusicPlayer.Synth.csproj", "{5C6AA6A8-39C2-4475-ABEE-B4E25F4123F8}"
EndProject
Project("{9A19103F-16F7-4668-BE54-9A1E7A4F7556}") = "BardMusicPlayer.Catalog", "BardMusicPlayer.Catalog\BardMusicPlayer.Catalog.csproj", "{D4446821-EB72-4516-B558-983A4F7D655F}"
EndProject
Project("{9A19103F-16F7-4668-BE54-9A1E7A4F7556}") = "BardMusicPlayer.Config", "BardMusicPlayer.Config\BardMusicPlayer.Config.csproj", "{BDB929F9-8E84-40CE-ACC2-E4942DF233BB}"
EndProject
Project("{9A19103F-16F7-4668-BE54-9A1E7A4F7556}") = "BardMusicPlayer.Updater", "BardMusicPlayer.Updater\BardMusicPlayer.Updater.csproj", "{CE10813D-1110-4A36-8D74-C2C87FC0B4E7}"
EndProject
Project("{FAE04EC0-301F-11D3-BF4B-00C04F79EFBC}") = "BardMusicPlayer.Catalog.Tests", "BardMusicPlayer.Catalog.Tests\BardMusicPlayer.Catalog.Tests.csproj", "{BB7B97AF-912B-406A-B392-9405452E2253}"
EndProject
Project("{FAE04EC0-301F-11D3-BF4B-00C04F79EFBC}") = "BardMusicPlayer.Seer.ApiTest", "BardMusicPlayer.Seer.ApiTest\BardMusicPlayer.Seer.ApiTest.csproj", "{F96AB280-5A05-4CF0-BA7D-5BB53EF0A34A}"
EndProject
Global
	GlobalSection(SolutionConfigurationPlatforms) = preSolution
		Debug|Any CPU = Debug|Any CPU
		DebugLocalPublish|Any CPU = DebugLocalPublish|Any CPU
		DebugPublish|Any CPU = DebugPublish|Any CPU
		Release|Any CPU = Release|Any CPU
		ReleaseLocalPublish|Any CPU = ReleaseLocalPublish|Any CPU
		ReleasePublish|Any CPU = ReleasePublish|Any CPU
	EndGlobalSection
	GlobalSection(ProjectConfigurationPlatforms) = postSolution
		{4C1D8677-0FB3-409E-8643-1C48D53AF599}.Debug|Any CPU.ActiveCfg = Debug|Any CPU
		{4C1D8677-0FB3-409E-8643-1C48D53AF599}.Debug|Any CPU.Build.0 = Debug|Any CPU
		{4C1D8677-0FB3-409E-8643-1C48D53AF599}.DebugLocalPublish|Any CPU.ActiveCfg = Debug|Any CPU
		{4C1D8677-0FB3-409E-8643-1C48D53AF599}.DebugLocalPublish|Any CPU.Build.0 = Debug|Any CPU
		{4C1D8677-0FB3-409E-8643-1C48D53AF599}.DebugPublish|Any CPU.ActiveCfg = DebugPublish|Any CPU
		{4C1D8677-0FB3-409E-8643-1C48D53AF599}.DebugPublish|Any CPU.Build.0 = DebugPublish|Any CPU
		{4C1D8677-0FB3-409E-8643-1C48D53AF599}.Release|Any CPU.ActiveCfg = Release|Any CPU
		{4C1D8677-0FB3-409E-8643-1C48D53AF599}.Release|Any CPU.Build.0 = Release|Any CPU
		{4C1D8677-0FB3-409E-8643-1C48D53AF599}.ReleaseLocalPublish|Any CPU.ActiveCfg = Release|Any CPU
		{4C1D8677-0FB3-409E-8643-1C48D53AF599}.ReleaseLocalPublish|Any CPU.Build.0 = Release|Any CPU
		{4C1D8677-0FB3-409E-8643-1C48D53AF599}.ReleasePublish|Any CPU.ActiveCfg = ReleasePublish|Any CPU
		{4C1D8677-0FB3-409E-8643-1C48D53AF599}.ReleasePublish|Any CPU.Build.0 = ReleasePublish|Any CPU
		{8478E949-6BA0-4B2E-B5B6-61F58B09266B}.Debug|Any CPU.ActiveCfg = Debug|Any CPU
		{8478E949-6BA0-4B2E-B5B6-61F58B09266B}.Debug|Any CPU.Build.0 = Debug|Any CPU
		{8478E949-6BA0-4B2E-B5B6-61F58B09266B}.DebugLocalPublish|Any CPU.ActiveCfg = Debug|Any CPU
		{8478E949-6BA0-4B2E-B5B6-61F58B09266B}.DebugLocalPublish|Any CPU.Build.0 = Debug|Any CPU
		{8478E949-6BA0-4B2E-B5B6-61F58B09266B}.DebugPublish|Any CPU.ActiveCfg = Debug|Any CPU
		{8478E949-6BA0-4B2E-B5B6-61F58B09266B}.DebugPublish|Any CPU.Build.0 = Debug|Any CPU
		{8478E949-6BA0-4B2E-B5B6-61F58B09266B}.Release|Any CPU.ActiveCfg = Release|Any CPU
		{8478E949-6BA0-4B2E-B5B6-61F58B09266B}.Release|Any CPU.Build.0 = Release|Any CPU
		{8478E949-6BA0-4B2E-B5B6-61F58B09266B}.ReleaseLocalPublish|Any CPU.ActiveCfg = Release|Any CPU
		{8478E949-6BA0-4B2E-B5B6-61F58B09266B}.ReleaseLocalPublish|Any CPU.Build.0 = Release|Any CPU
		{8478E949-6BA0-4B2E-B5B6-61F58B09266B}.ReleasePublish|Any CPU.ActiveCfg = Release|Any CPU
		{8478E949-6BA0-4B2E-B5B6-61F58B09266B}.ReleasePublish|Any CPU.Build.0 = Release|Any CPU
		{29AB7F29-E768-47FD-98EF-2ADBD1EB3DD0}.Debug|Any CPU.ActiveCfg = Debug|Any CPU
		{29AB7F29-E768-47FD-98EF-2ADBD1EB3DD0}.Debug|Any CPU.Build.0 = Debug|Any CPU
		{29AB7F29-E768-47FD-98EF-2ADBD1EB3DD0}.DebugLocalPublish|Any CPU.ActiveCfg = Debug|Any CPU
		{29AB7F29-E768-47FD-98EF-2ADBD1EB3DD0}.DebugLocalPublish|Any CPU.Build.0 = Debug|Any CPU
		{29AB7F29-E768-47FD-98EF-2ADBD1EB3DD0}.DebugPublish|Any CPU.ActiveCfg = Debug|Any CPU
		{29AB7F29-E768-47FD-98EF-2ADBD1EB3DD0}.DebugPublish|Any CPU.Build.0 = Debug|Any CPU
		{29AB7F29-E768-47FD-98EF-2ADBD1EB3DD0}.Release|Any CPU.ActiveCfg = Release|Any CPU
		{29AB7F29-E768-47FD-98EF-2ADBD1EB3DD0}.Release|Any CPU.Build.0 = Release|Any CPU
		{29AB7F29-E768-47FD-98EF-2ADBD1EB3DD0}.ReleaseLocalPublish|Any CPU.ActiveCfg = Release|Any CPU
		{29AB7F29-E768-47FD-98EF-2ADBD1EB3DD0}.ReleaseLocalPublish|Any CPU.Build.0 = Release|Any CPU
		{29AB7F29-E768-47FD-98EF-2ADBD1EB3DD0}.ReleasePublish|Any CPU.ActiveCfg = Release|Any CPU
		{29AB7F29-E768-47FD-98EF-2ADBD1EB3DD0}.ReleasePublish|Any CPU.Build.0 = Release|Any CPU
		{0C2DE663-2D6C-4C56-96C1-23F04FA414D0}.Debug|Any CPU.ActiveCfg = Debug|Any CPU
		{0C2DE663-2D6C-4C56-96C1-23F04FA414D0}.Debug|Any CPU.Build.0 = Debug|Any CPU
		{0C2DE663-2D6C-4C56-96C1-23F04FA414D0}.DebugLocalPublish|Any CPU.ActiveCfg = Debug|Any CPU
		{0C2DE663-2D6C-4C56-96C1-23F04FA414D0}.DebugLocalPublish|Any CPU.Build.0 = Debug|Any CPU
		{0C2DE663-2D6C-4C56-96C1-23F04FA414D0}.DebugPublish|Any CPU.ActiveCfg = Debug|Any CPU
		{0C2DE663-2D6C-4C56-96C1-23F04FA414D0}.DebugPublish|Any CPU.Build.0 = Debug|Any CPU
		{0C2DE663-2D6C-4C56-96C1-23F04FA414D0}.Release|Any CPU.ActiveCfg = Release|Any CPU
		{0C2DE663-2D6C-4C56-96C1-23F04FA414D0}.Release|Any CPU.Build.0 = Release|Any CPU
		{0C2DE663-2D6C-4C56-96C1-23F04FA414D0}.ReleaseLocalPublish|Any CPU.ActiveCfg = Release|Any CPU
		{0C2DE663-2D6C-4C56-96C1-23F04FA414D0}.ReleaseLocalPublish|Any CPU.Build.0 = Release|Any CPU
		{0C2DE663-2D6C-4C56-96C1-23F04FA414D0}.ReleasePublish|Any CPU.ActiveCfg = Release|Any CPU
		{0C2DE663-2D6C-4C56-96C1-23F04FA414D0}.ReleasePublish|Any CPU.Build.0 = Release|Any CPU
		{EAFE6853-0C24-4784-93FE-E21AA35AF600}.Debug|Any CPU.ActiveCfg = Debug|Any CPU
		{EAFE6853-0C24-4784-93FE-E21AA35AF600}.Debug|Any CPU.Build.0 = Debug|Any CPU
		{EAFE6853-0C24-4784-93FE-E21AA35AF600}.DebugLocalPublish|Any CPU.ActiveCfg = Debug|Any CPU
		{EAFE6853-0C24-4784-93FE-E21AA35AF600}.DebugLocalPublish|Any CPU.Build.0 = Debug|Any CPU
		{EAFE6853-0C24-4784-93FE-E21AA35AF600}.DebugPublish|Any CPU.ActiveCfg = Debug|Any CPU
		{EAFE6853-0C24-4784-93FE-E21AA35AF600}.DebugPublish|Any CPU.Build.0 = Debug|Any CPU
		{EAFE6853-0C24-4784-93FE-E21AA35AF600}.Release|Any CPU.ActiveCfg = Release|Any CPU
		{EAFE6853-0C24-4784-93FE-E21AA35AF600}.Release|Any CPU.Build.0 = Release|Any CPU
		{EAFE6853-0C24-4784-93FE-E21AA35AF600}.ReleaseLocalPublish|Any CPU.ActiveCfg = Release|Any CPU
		{EAFE6853-0C24-4784-93FE-E21AA35AF600}.ReleaseLocalPublish|Any CPU.Build.0 = Release|Any CPU
		{EAFE6853-0C24-4784-93FE-E21AA35AF600}.ReleasePublish|Any CPU.ActiveCfg = Release|Any CPU
		{EAFE6853-0C24-4784-93FE-E21AA35AF600}.ReleasePublish|Any CPU.Build.0 = Release|Any CPU
		{A0B0F815-2BE5-4035-982A-52336B9758AE}.Debug|Any CPU.ActiveCfg = Debug|Any CPU
		{A0B0F815-2BE5-4035-982A-52336B9758AE}.Debug|Any CPU.Build.0 = Debug|Any CPU
		{A0B0F815-2BE5-4035-982A-52336B9758AE}.DebugLocalPublish|Any CPU.ActiveCfg = Debug|Any CPU
		{A0B0F815-2BE5-4035-982A-52336B9758AE}.DebugLocalPublish|Any CPU.Build.0 = Debug|Any CPU
		{A0B0F815-2BE5-4035-982A-52336B9758AE}.DebugPublish|Any CPU.ActiveCfg = Debug|Any CPU
		{A0B0F815-2BE5-4035-982A-52336B9758AE}.DebugPublish|Any CPU.Build.0 = Debug|Any CPU
		{A0B0F815-2BE5-4035-982A-52336B9758AE}.Release|Any CPU.ActiveCfg = Release|Any CPU
		{A0B0F815-2BE5-4035-982A-52336B9758AE}.Release|Any CPU.Build.0 = Release|Any CPU
		{A0B0F815-2BE5-4035-982A-52336B9758AE}.ReleaseLocalPublish|Any CPU.ActiveCfg = Release|Any CPU
		{A0B0F815-2BE5-4035-982A-52336B9758AE}.ReleaseLocalPublish|Any CPU.Build.0 = Release|Any CPU
		{A0B0F815-2BE5-4035-982A-52336B9758AE}.ReleasePublish|Any CPU.ActiveCfg = Release|Any CPU
		{A0B0F815-2BE5-4035-982A-52336B9758AE}.ReleasePublish|Any CPU.Build.0 = Release|Any CPU
		{5C6AA6A8-39C2-4475-ABEE-B4E25F4123F8}.Debug|Any CPU.ActiveCfg = Debug|Any CPU
		{5C6AA6A8-39C2-4475-ABEE-B4E25F4123F8}.Debug|Any CPU.Build.0 = Debug|Any CPU
		{5C6AA6A8-39C2-4475-ABEE-B4E25F4123F8}.DebugLocalPublish|Any CPU.ActiveCfg = Debug|Any CPU
		{5C6AA6A8-39C2-4475-ABEE-B4E25F4123F8}.DebugLocalPublish|Any CPU.Build.0 = Debug|Any CPU
		{5C6AA6A8-39C2-4475-ABEE-B4E25F4123F8}.DebugPublish|Any CPU.ActiveCfg = Debug|Any CPU
		{5C6AA6A8-39C2-4475-ABEE-B4E25F4123F8}.DebugPublish|Any CPU.Build.0 = Debug|Any CPU
		{5C6AA6A8-39C2-4475-ABEE-B4E25F4123F8}.Release|Any CPU.ActiveCfg = Release|Any CPU
		{5C6AA6A8-39C2-4475-ABEE-B4E25F4123F8}.Release|Any CPU.Build.0 = Release|Any CPU
		{5C6AA6A8-39C2-4475-ABEE-B4E25F4123F8}.ReleaseLocalPublish|Any CPU.ActiveCfg = Release|Any CPU
		{5C6AA6A8-39C2-4475-ABEE-B4E25F4123F8}.ReleaseLocalPublish|Any CPU.Build.0 = Release|Any CPU
		{5C6AA6A8-39C2-4475-ABEE-B4E25F4123F8}.ReleasePublish|Any CPU.ActiveCfg = Release|Any CPU
		{5C6AA6A8-39C2-4475-ABEE-B4E25F4123F8}.ReleasePublish|Any CPU.Build.0 = Release|Any CPU
		{D4446821-EB72-4516-B558-983A4F7D655F}.Debug|Any CPU.ActiveCfg = Debug|Any CPU
		{D4446821-EB72-4516-B558-983A4F7D655F}.Debug|Any CPU.Build.0 = Debug|Any CPU
		{D4446821-EB72-4516-B558-983A4F7D655F}.DebugLocalPublish|Any CPU.ActiveCfg = Debug|Any CPU
		{D4446821-EB72-4516-B558-983A4F7D655F}.DebugLocalPublish|Any CPU.Build.0 = Debug|Any CPU
		{D4446821-EB72-4516-B558-983A4F7D655F}.DebugPublish|Any CPU.ActiveCfg = Debug|Any CPU
		{D4446821-EB72-4516-B558-983A4F7D655F}.DebugPublish|Any CPU.Build.0 = Debug|Any CPU
		{D4446821-EB72-4516-B558-983A4F7D655F}.Release|Any CPU.ActiveCfg = Release|Any CPU
		{D4446821-EB72-4516-B558-983A4F7D655F}.Release|Any CPU.Build.0 = Release|Any CPU
		{D4446821-EB72-4516-B558-983A4F7D655F}.ReleaseLocalPublish|Any CPU.ActiveCfg = Release|Any CPU
		{D4446821-EB72-4516-B558-983A4F7D655F}.ReleaseLocalPublish|Any CPU.Build.0 = Release|Any CPU
		{D4446821-EB72-4516-B558-983A4F7D655F}.ReleasePublish|Any CPU.ActiveCfg = Release|Any CPU
		{D4446821-EB72-4516-B558-983A4F7D655F}.ReleasePublish|Any CPU.Build.0 = Release|Any CPU
		{BDB929F9-8E84-40CE-ACC2-E4942DF233BB}.Debug|Any CPU.ActiveCfg = Debug|Any CPU
		{BDB929F9-8E84-40CE-ACC2-E4942DF233BB}.Debug|Any CPU.Build.0 = Debug|Any CPU
		{BDB929F9-8E84-40CE-ACC2-E4942DF233BB}.DebugLocalPublish|Any CPU.ActiveCfg = Debug|Any CPU
		{BDB929F9-8E84-40CE-ACC2-E4942DF233BB}.DebugLocalPublish|Any CPU.Build.0 = Debug|Any CPU
		{BDB929F9-8E84-40CE-ACC2-E4942DF233BB}.DebugPublish|Any CPU.ActiveCfg = Debug|Any CPU
		{BDB929F9-8E84-40CE-ACC2-E4942DF233BB}.DebugPublish|Any CPU.Build.0 = Debug|Any CPU
		{BDB929F9-8E84-40CE-ACC2-E4942DF233BB}.Release|Any CPU.ActiveCfg = Release|Any CPU
		{BDB929F9-8E84-40CE-ACC2-E4942DF233BB}.Release|Any CPU.Build.0 = Release|Any CPU
		{BDB929F9-8E84-40CE-ACC2-E4942DF233BB}.ReleaseLocalPublish|Any CPU.ActiveCfg = Release|Any CPU
		{BDB929F9-8E84-40CE-ACC2-E4942DF233BB}.ReleaseLocalPublish|Any CPU.Build.0 = Release|Any CPU
		{BDB929F9-8E84-40CE-ACC2-E4942DF233BB}.ReleasePublish|Any CPU.ActiveCfg = Release|Any CPU
		{BDB929F9-8E84-40CE-ACC2-E4942DF233BB}.ReleasePublish|Any CPU.Build.0 = Release|Any CPU
		{CE10813D-1110-4A36-8D74-C2C87FC0B4E7}.Debug|Any CPU.ActiveCfg = Debug|Any CPU
		{CE10813D-1110-4A36-8D74-C2C87FC0B4E7}.Debug|Any CPU.Build.0 = Debug|Any CPU
		{CE10813D-1110-4A36-8D74-C2C87FC0B4E7}.DebugLocalPublish|Any CPU.ActiveCfg = DebugPublish|Any CPU
		{CE10813D-1110-4A36-8D74-C2C87FC0B4E7}.DebugLocalPublish|Any CPU.Build.0 = DebugPublish|Any CPU
		{CE10813D-1110-4A36-8D74-C2C87FC0B4E7}.DebugPublish|Any CPU.ActiveCfg = DebugPublish|Any CPU
		{CE10813D-1110-4A36-8D74-C2C87FC0B4E7}.DebugPublish|Any CPU.Build.0 = DebugPublish|Any CPU
		{CE10813D-1110-4A36-8D74-C2C87FC0B4E7}.Release|Any CPU.ActiveCfg = Release|Any CPU
		{CE10813D-1110-4A36-8D74-C2C87FC0B4E7}.Release|Any CPU.Build.0 = Release|Any CPU
		{CE10813D-1110-4A36-8D74-C2C87FC0B4E7}.ReleaseLocalPublish|Any CPU.ActiveCfg = ReleasePublish|Any CPU
		{CE10813D-1110-4A36-8D74-C2C87FC0B4E7}.ReleaseLocalPublish|Any CPU.Build.0 = ReleasePublish|Any CPU
		{CE10813D-1110-4A36-8D74-C2C87FC0B4E7}.ReleasePublish|Any CPU.ActiveCfg = ReleasePublish|Any CPU
		{CE10813D-1110-4A36-8D74-C2C87FC0B4E7}.ReleasePublish|Any CPU.Build.0 = ReleasePublish|Any CPU
		{BB7B97AF-912B-406A-B392-9405452E2253}.Debug|Any CPU.ActiveCfg = Debug|Any CPU
		{BB7B97AF-912B-406A-B392-9405452E2253}.Debug|Any CPU.Build.0 = Debug|Any CPU
		{BB7B97AF-912B-406A-B392-9405452E2253}.DebugLocalPublish|Any CPU.ActiveCfg = Debug|Any CPU
		{BB7B97AF-912B-406A-B392-9405452E2253}.DebugLocalPublish|Any CPU.Build.0 = Debug|Any CPU
		{BB7B97AF-912B-406A-B392-9405452E2253}.DebugPublish|Any CPU.ActiveCfg = Debug|Any CPU
		{BB7B97AF-912B-406A-B392-9405452E2253}.DebugPublish|Any CPU.Build.0 = Debug|Any CPU
		{BB7B97AF-912B-406A-B392-9405452E2253}.Release|Any CPU.ActiveCfg = Release|Any CPU
		{BB7B97AF-912B-406A-B392-9405452E2253}.Release|Any CPU.Build.0 = Release|Any CPU
		{BB7B97AF-912B-406A-B392-9405452E2253}.ReleaseLocalPublish|Any CPU.ActiveCfg = Release|Any CPU
		{BB7B97AF-912B-406A-B392-9405452E2253}.ReleaseLocalPublish|Any CPU.Build.0 = Release|Any CPU
		{BB7B97AF-912B-406A-B392-9405452E2253}.ReleasePublish|Any CPU.ActiveCfg = Release|Any CPU
		{BB7B97AF-912B-406A-B392-9405452E2253}.ReleasePublish|Any CPU.Build.0 = Release|Any CPU
		{F96AB280-5A05-4CF0-BA7D-5BB53EF0A34A}.Debug|Any CPU.ActiveCfg = Debug|Any CPU
		{F96AB280-5A05-4CF0-BA7D-5BB53EF0A34A}.Debug|Any CPU.Build.0 = Debug|Any CPU
		{F96AB280-5A05-4CF0-BA7D-5BB53EF0A34A}.DebugLocalPublish|Any CPU.ActiveCfg = Debug|Any CPU
		{F96AB280-5A05-4CF0-BA7D-5BB53EF0A34A}.DebugLocalPublish|Any CPU.Build.0 = Debug|Any CPU
		{F96AB280-5A05-4CF0-BA7D-5BB53EF0A34A}.DebugPublish|Any CPU.ActiveCfg = Debug|Any CPU
		{F96AB280-5A05-4CF0-BA7D-5BB53EF0A34A}.DebugPublish|Any CPU.Build.0 = Debug|Any CPU
		{F96AB280-5A05-4CF0-BA7D-5BB53EF0A34A}.Release|Any CPU.ActiveCfg = Release|Any CPU
		{F96AB280-5A05-4CF0-BA7D-5BB53EF0A34A}.Release|Any CPU.Build.0 = Release|Any CPU
		{F96AB280-5A05-4CF0-BA7D-5BB53EF0A34A}.ReleaseLocalPublish|Any CPU.ActiveCfg = Release|Any CPU
		{F96AB280-5A05-4CF0-BA7D-5BB53EF0A34A}.ReleaseLocalPublish|Any CPU.Build.0 = Release|Any CPU
		{F96AB280-5A05-4CF0-BA7D-5BB53EF0A34A}.ReleasePublish|Any CPU.ActiveCfg = Release|Any CPU
		{F96AB280-5A05-4CF0-BA7D-5BB53EF0A34A}.ReleasePublish|Any CPU.Build.0 = Release|Any CPU
	EndGlobalSection
	GlobalSection(SolutionProperties) = preSolution
		HideSolutionNode = FALSE
	EndGlobalSection
	GlobalSection(ExtensibilityGlobals) = postSolution
		SolutionGuid = {57B10702-DB3D-4D1C-82C3-352E42A7219E}
	EndGlobalSection
EndGlobal
