
Microsoft Visual Studio Solution File, Format Version 12.00
# Visual Studio Version 16
VisualStudioVersion = 16.0.30413.136
MinimumVisualStudioVersion = 10.0.40219.1
Project("{FAE04EC0-301F-11D3-BF4B-00C04F79EFBC}") = "Sanford.Multimedia.Midi", "Sanford.Multimedia.Midi\Source\Sanford.Multimedia.Midi.csproj", "{4269C72A-8D3A-4737-8F89-72EAA33EA9E1}"
EndProject
Project("{FAE04EC0-301F-11D3-BF4B-00C04F79EFBC}") = "Sharlayan", "Sharlayan\Sharlayan\Sharlayan.csproj", "{9510D5EF-208A-4897-A582-8EAE5C6E9406}"
EndProject
Project("{FAE04EC0-301F-11D3-BF4B-00C04F79EFBC}") = "FFBardMusicPlayer", "FFBardMusicPlayer\FFBardMusicPlayer.csproj", "{76962D1C-0C9F-4AEB-8979-15ADEAB94F2C}"
	ProjectSection(ProjectDependencies) = postProject
		{667706EA-392E-4A41-B2DC-E4533D265AEE} = {667706EA-392E-4A41-B2DC-E4533D265AEE}
	EndProjectSection
EndProject
Project("{FAE04EC0-301F-11D3-BF4B-00C04F79EFBC}") = "FFBardMusicCommon", "FFBardMusicCommon\FFBardMusicCommon.csproj", "{DD95F61B-49C8-411E-9F80-B62B2EEC9D5D}"
EndProject
Project("{FAE04EC0-301F-11D3-BF4B-00C04F79EFBC}") = "FFBmpMMLPlugin", "FFBmpMMLPlugin\FFBmpMMLPlugin.csproj", "{667706EA-392E-4A41-B2DC-E4533D265AEE}"
EndProject
Project("{FAE04EC0-301F-11D3-BF4B-00C04F79EFBC}") = "FFMemoryParser", "FFMemoryParser\FFMemoryParser.csproj", "{5CC0A4B1-A043-41C9-B2CA-9B105CE977BB}"
EndProject
Global
	GlobalSection(SolutionConfigurationPlatforms) = preSolution
		Debug|Any CPU = Debug|Any CPU
		Debug|x64 = Debug|x64
		Debug|x86 = Debug|x86
		Release|Any CPU = Release|Any CPU
		Release|x64 = Release|x64
		Release|x86 = Release|x86
		ReleaseDeploy|Any CPU = ReleaseDeploy|Any CPU
		ReleaseDeploy|x64 = ReleaseDeploy|x64
		ReleaseDeploy|x86 = ReleaseDeploy|x86
	EndGlobalSection
	GlobalSection(ProjectConfigurationPlatforms) = postSolution
		{4269C72A-8D3A-4737-8F89-72EAA33EA9E1}.Debug|Any CPU.ActiveCfg = Debug|Any CPU
		{4269C72A-8D3A-4737-8F89-72EAA33EA9E1}.Debug|Any CPU.Build.0 = Debug|Any CPU
		{4269C72A-8D3A-4737-8F89-72EAA33EA9E1}.Debug|x64.ActiveCfg = Debug|Any CPU
		{4269C72A-8D3A-4737-8F89-72EAA33EA9E1}.Debug|x64.Build.0 = Debug|Any CPU
		{4269C72A-8D3A-4737-8F89-72EAA33EA9E1}.Debug|x86.ActiveCfg = Debug|Any CPU
		{4269C72A-8D3A-4737-8F89-72EAA33EA9E1}.Debug|x86.Build.0 = Debug|Any CPU
		{4269C72A-8D3A-4737-8F89-72EAA33EA9E1}.Release|Any CPU.ActiveCfg = Release|Any CPU
		{4269C72A-8D3A-4737-8F89-72EAA33EA9E1}.Release|Any CPU.Build.0 = Release|Any CPU
		{4269C72A-8D3A-4737-8F89-72EAA33EA9E1}.Release|x64.ActiveCfg = Release|Any CPU
		{4269C72A-8D3A-4737-8F89-72EAA33EA9E1}.Release|x64.Build.0 = Release|Any CPU
		{4269C72A-8D3A-4737-8F89-72EAA33EA9E1}.Release|x86.ActiveCfg = Release|Any CPU
		{4269C72A-8D3A-4737-8F89-72EAA33EA9E1}.Release|x86.Build.0 = Release|Any CPU
		{4269C72A-8D3A-4737-8F89-72EAA33EA9E1}.ReleaseDeploy|Any CPU.ActiveCfg = Release|Any CPU
		{4269C72A-8D3A-4737-8F89-72EAA33EA9E1}.ReleaseDeploy|Any CPU.Build.0 = Release|Any CPU
		{4269C72A-8D3A-4737-8F89-72EAA33EA9E1}.ReleaseDeploy|x64.ActiveCfg = Release|Any CPU
		{4269C72A-8D3A-4737-8F89-72EAA33EA9E1}.ReleaseDeploy|x64.Build.0 = Release|Any CPU
		{4269C72A-8D3A-4737-8F89-72EAA33EA9E1}.ReleaseDeploy|x86.ActiveCfg = Release|Any CPU
		{4269C72A-8D3A-4737-8F89-72EAA33EA9E1}.ReleaseDeploy|x86.Build.0 = Release|Any CPU
		{9510D5EF-208A-4897-A582-8EAE5C6E9406}.Debug|Any CPU.ActiveCfg = Debug|x86
		{9510D5EF-208A-4897-A582-8EAE5C6E9406}.Debug|Any CPU.Build.0 = Debug|x86
		{9510D5EF-208A-4897-A582-8EAE5C6E9406}.Debug|x64.ActiveCfg = Debug|x86
		{9510D5EF-208A-4897-A582-8EAE5C6E9406}.Debug|x86.ActiveCfg = Debug|x86
		{9510D5EF-208A-4897-A582-8EAE5C6E9406}.Debug|x86.Build.0 = Debug|x86
		{9510D5EF-208A-4897-A582-8EAE5C6E9406}.Release|Any CPU.ActiveCfg = Release|x86
		{9510D5EF-208A-4897-A582-8EAE5C6E9406}.Release|Any CPU.Build.0 = Release|x86
		{9510D5EF-208A-4897-A582-8EAE5C6E9406}.Release|x64.ActiveCfg = Release|x86
		{9510D5EF-208A-4897-A582-8EAE5C6E9406}.Release|x86.ActiveCfg = Release|x86
		{9510D5EF-208A-4897-A582-8EAE5C6E9406}.Release|x86.Build.0 = Release|x86
		{9510D5EF-208A-4897-A582-8EAE5C6E9406}.ReleaseDeploy|Any CPU.ActiveCfg = ReleaseDeploy|x86
		{9510D5EF-208A-4897-A582-8EAE5C6E9406}.ReleaseDeploy|x64.ActiveCfg = ReleaseDeploy|x86
		{9510D5EF-208A-4897-A582-8EAE5C6E9406}.ReleaseDeploy|x86.ActiveCfg = ReleaseDeploy|x86
		{9510D5EF-208A-4897-A582-8EAE5C6E9406}.ReleaseDeploy|x86.Build.0 = ReleaseDeploy|x86
		{76962D1C-0C9F-4AEB-8979-15ADEAB94F2C}.Debug|Any CPU.ActiveCfg = Debug|Any CPU
		{76962D1C-0C9F-4AEB-8979-15ADEAB94F2C}.Debug|Any CPU.Build.0 = Debug|Any CPU
		{76962D1C-0C9F-4AEB-8979-15ADEAB94F2C}.Debug|x64.ActiveCfg = Debug|x64
		{76962D1C-0C9F-4AEB-8979-15ADEAB94F2C}.Debug|x64.Build.0 = Debug|x64
		{76962D1C-0C9F-4AEB-8979-15ADEAB94F2C}.Debug|x86.ActiveCfg = Debug|Any CPU
		{76962D1C-0C9F-4AEB-8979-15ADEAB94F2C}.Debug|x86.Build.0 = Debug|Any CPU
		{76962D1C-0C9F-4AEB-8979-15ADEAB94F2C}.Release|Any CPU.ActiveCfg = Release|Any CPU
		{76962D1C-0C9F-4AEB-8979-15ADEAB94F2C}.Release|Any CPU.Build.0 = Release|Any CPU
		{76962D1C-0C9F-4AEB-8979-15ADEAB94F2C}.Release|x64.ActiveCfg = Release|x64
		{76962D1C-0C9F-4AEB-8979-15ADEAB94F2C}.Release|x64.Build.0 = Release|x64
		{76962D1C-0C9F-4AEB-8979-15ADEAB94F2C}.Release|x86.ActiveCfg = Release|Any CPU
		{76962D1C-0C9F-4AEB-8979-15ADEAB94F2C}.Release|x86.Build.0 = Release|Any CPU
		{76962D1C-0C9F-4AEB-8979-15ADEAB94F2C}.ReleaseDeploy|Any CPU.ActiveCfg = Release|Any CPU
		{76962D1C-0C9F-4AEB-8979-15ADEAB94F2C}.ReleaseDeploy|Any CPU.Build.0 = Release|Any CPU
		{76962D1C-0C9F-4AEB-8979-15ADEAB94F2C}.ReleaseDeploy|x64.ActiveCfg = Release|x64
		{76962D1C-0C9F-4AEB-8979-15ADEAB94F2C}.ReleaseDeploy|x64.Build.0 = Release|x64
		{76962D1C-0C9F-4AEB-8979-15ADEAB94F2C}.ReleaseDeploy|x86.ActiveCfg = Release|Any CPU
		{76962D1C-0C9F-4AEB-8979-15ADEAB94F2C}.ReleaseDeploy|x86.Build.0 = Release|Any CPU
		{DD95F61B-49C8-411E-9F80-B62B2EEC9D5D}.Debug|Any CPU.ActiveCfg = Debug|Any CPU
		{DD95F61B-49C8-411E-9F80-B62B2EEC9D5D}.Debug|Any CPU.Build.0 = Debug|Any CPU
		{DD95F61B-49C8-411E-9F80-B62B2EEC9D5D}.Debug|x64.ActiveCfg = Debug|Any CPU
		{DD95F61B-49C8-411E-9F80-B62B2EEC9D5D}.Debug|x64.Build.0 = Debug|Any CPU
		{DD95F61B-49C8-411E-9F80-B62B2EEC9D5D}.Debug|x86.ActiveCfg = Debug|Any CPU
		{DD95F61B-49C8-411E-9F80-B62B2EEC9D5D}.Debug|x86.Build.0 = Debug|Any CPU
		{DD95F61B-49C8-411E-9F80-B62B2EEC9D5D}.Release|Any CPU.ActiveCfg = Release|Any CPU
		{DD95F61B-49C8-411E-9F80-B62B2EEC9D5D}.Release|Any CPU.Build.0 = Release|Any CPU
		{DD95F61B-49C8-411E-9F80-B62B2EEC9D5D}.Release|x64.ActiveCfg = Release|Any CPU
		{DD95F61B-49C8-411E-9F80-B62B2EEC9D5D}.Release|x64.Build.0 = Release|Any CPU
		{DD95F61B-49C8-411E-9F80-B62B2EEC9D5D}.Release|x86.ActiveCfg = Release|Any CPU
		{DD95F61B-49C8-411E-9F80-B62B2EEC9D5D}.Release|x86.Build.0 = Release|Any CPU
		{DD95F61B-49C8-411E-9F80-B62B2EEC9D5D}.ReleaseDeploy|Any CPU.ActiveCfg = Release|Any CPU
		{DD95F61B-49C8-411E-9F80-B62B2EEC9D5D}.ReleaseDeploy|Any CPU.Build.0 = Release|Any CPU
		{DD95F61B-49C8-411E-9F80-B62B2EEC9D5D}.ReleaseDeploy|x64.ActiveCfg = Release|Any CPU
		{DD95F61B-49C8-411E-9F80-B62B2EEC9D5D}.ReleaseDeploy|x64.Build.0 = Release|Any CPU
		{DD95F61B-49C8-411E-9F80-B62B2EEC9D5D}.ReleaseDeploy|x86.ActiveCfg = Release|Any CPU
		{DD95F61B-49C8-411E-9F80-B62B2EEC9D5D}.ReleaseDeploy|x86.Build.0 = Release|Any CPU
		{667706EA-392E-4A41-B2DC-E4533D265AEE}.Debug|Any CPU.ActiveCfg = Debug|Any CPU
		{667706EA-392E-4A41-B2DC-E4533D265AEE}.Debug|Any CPU.Build.0 = Debug|Any CPU
		{667706EA-392E-4A41-B2DC-E4533D265AEE}.Debug|x64.ActiveCfg = Debug|Any CPU
		{667706EA-392E-4A41-B2DC-E4533D265AEE}.Debug|x64.Build.0 = Debug|Any CPU
		{667706EA-392E-4A41-B2DC-E4533D265AEE}.Debug|x86.ActiveCfg = Debug|Any CPU
		{667706EA-392E-4A41-B2DC-E4533D265AEE}.Debug|x86.Build.0 = Debug|Any CPU
		{667706EA-392E-4A41-B2DC-E4533D265AEE}.Release|Any CPU.ActiveCfg = Release|Any CPU
		{667706EA-392E-4A41-B2DC-E4533D265AEE}.Release|Any CPU.Build.0 = Release|Any CPU
		{667706EA-392E-4A41-B2DC-E4533D265AEE}.Release|x64.ActiveCfg = Release|Any CPU
		{667706EA-392E-4A41-B2DC-E4533D265AEE}.Release|x64.Build.0 = Release|Any CPU
		{667706EA-392E-4A41-B2DC-E4533D265AEE}.Release|x86.ActiveCfg = Release|Any CPU
		{667706EA-392E-4A41-B2DC-E4533D265AEE}.Release|x86.Build.0 = Release|Any CPU
		{667706EA-392E-4A41-B2DC-E4533D265AEE}.ReleaseDeploy|Any CPU.ActiveCfg = Release|Any CPU
		{667706EA-392E-4A41-B2DC-E4533D265AEE}.ReleaseDeploy|Any CPU.Build.0 = Release|Any CPU
		{667706EA-392E-4A41-B2DC-E4533D265AEE}.ReleaseDeploy|x64.ActiveCfg = Release|Any CPU
		{667706EA-392E-4A41-B2DC-E4533D265AEE}.ReleaseDeploy|x64.Build.0 = Release|Any CPU
		{667706EA-392E-4A41-B2DC-E4533D265AEE}.ReleaseDeploy|x86.ActiveCfg = Release|Any CPU
		{667706EA-392E-4A41-B2DC-E4533D265AEE}.ReleaseDeploy|x86.Build.0 = Release|Any CPU
		{5CC0A4B1-A043-41C9-B2CA-9B105CE977BB}.Debug|Any CPU.ActiveCfg = Debug|Any CPU
		{5CC0A4B1-A043-41C9-B2CA-9B105CE977BB}.Debug|Any CPU.Build.0 = Debug|Any CPU
		{5CC0A4B1-A043-41C9-B2CA-9B105CE977BB}.Debug|x64.ActiveCfg = Debug|Any CPU
		{5CC0A4B1-A043-41C9-B2CA-9B105CE977BB}.Debug|x64.Build.0 = Debug|Any CPU
		{5CC0A4B1-A043-41C9-B2CA-9B105CE977BB}.Debug|x86.ActiveCfg = Debug|Any CPU
		{5CC0A4B1-A043-41C9-B2CA-9B105CE977BB}.Debug|x86.Build.0 = Debug|Any CPU
		{5CC0A4B1-A043-41C9-B2CA-9B105CE977BB}.Release|Any CPU.ActiveCfg = Release|Any CPU
		{5CC0A4B1-A043-41C9-B2CA-9B105CE977BB}.Release|Any CPU.Build.0 = Release|Any CPU
		{5CC0A4B1-A043-41C9-B2CA-9B105CE977BB}.Release|x64.ActiveCfg = Release|Any CPU
		{5CC0A4B1-A043-41C9-B2CA-9B105CE977BB}.Release|x64.Build.0 = Release|Any CPU
		{5CC0A4B1-A043-41C9-B2CA-9B105CE977BB}.Release|x86.ActiveCfg = Release|Any CPU
		{5CC0A4B1-A043-41C9-B2CA-9B105CE977BB}.Release|x86.Build.0 = Release|Any CPU
		{5CC0A4B1-A043-41C9-B2CA-9B105CE977BB}.ReleaseDeploy|Any CPU.ActiveCfg = Release|Any CPU
		{5CC0A4B1-A043-41C9-B2CA-9B105CE977BB}.ReleaseDeploy|Any CPU.Build.0 = Release|Any CPU
		{5CC0A4B1-A043-41C9-B2CA-9B105CE977BB}.ReleaseDeploy|x64.ActiveCfg = Release|Any CPU
		{5CC0A4B1-A043-41C9-B2CA-9B105CE977BB}.ReleaseDeploy|x64.Build.0 = Release|Any CPU
		{5CC0A4B1-A043-41C9-B2CA-9B105CE977BB}.ReleaseDeploy|x86.ActiveCfg = Release|Any CPU
		{5CC0A4B1-A043-41C9-B2CA-9B105CE977BB}.ReleaseDeploy|x86.Build.0 = Release|Any CPU
	EndGlobalSection
	GlobalSection(SolutionProperties) = preSolution
		HideSolutionNode = FALSE
	EndGlobalSection
	GlobalSection(ExtensibilityGlobals) = postSolution
		SolutionGuid = {3E300E4B-917C-471A-B337-7AD9057C35E6}
	EndGlobalSection
	GlobalSection(Performance) = preSolution
		HasPerformanceSessions = true
	EndGlobalSection
EndGlobal
